// !$*UTF8*$!
{
	archiveVersion = 1;
	classes = {
	};
	objectVersion = 50;
	objects = {

/* Begin PBXBuildFile section */
		632FCBEF2334A01600CE5A89 /* DesertCodeCamp.xcdatamodeld in Sources */ = {isa = PBXBuildFile; fileRef = 632FCBED2334A01600CE5A89 /* DesertCodeCamp.xcdatamodeld */; };
		632FCBF923358C1900CE5A89 /* SessionsUpdatedEvent.swift in Sources */ = {isa = PBXBuildFile; fileRef = 632FCBF823358C1900CE5A89 /* SessionsUpdatedEvent.swift */; };
		632FCBFB2337EC7100CE5A89 /* SessionDetailTableViewController.swift in Sources */ = {isa = PBXBuildFile; fileRef = 632FCBFA2337EC7100CE5A89 /* SessionDetailTableViewController.swift */; };
		6333A2B2233DD024002D9CDA /* AboutViewController.swift in Sources */ = {isa = PBXBuildFile; fileRef = 6333A2B1233DD024002D9CDA /* AboutViewController.swift */; };
		6341A8E4232B626400022E57 /* SessionsTableViewController.swift in Sources */ = {isa = PBXBuildFile; fileRef = 6341A8E3232B626400022E57 /* SessionsTableViewController.swift */; };
		63577316233B3CAB00247CE1 /* SidePanelViewController.swift in Sources */ = {isa = PBXBuildFile; fileRef = 63577312233B3CAA00247CE1 /* SidePanelViewController.swift */; };
		63577318233B3CAB00247CE1 /* ContainerViewController.swift in Sources */ = {isa = PBXBuildFile; fileRef = 63577314233B3CAB00247CE1 /* ContainerViewController.swift */; };
		63A52D18233F1E1B00D4DD74 /* AboutViewText.swift in Sources */ = {isa = PBXBuildFile; fileRef = 63A52D17233F1E1B00D4DD74 /* AboutViewText.swift */; };
		63B415BC233DDCF800608F7B /* WhenAndWhereViewController.swift in Sources */ = {isa = PBXBuildFile; fileRef = 63B415BB233DDCF800608F7B /* WhenAndWhereViewController.swift */; };
		63D787FD2325C1AE009F7D2A /* AppDelegate.swift in Sources */ = {isa = PBXBuildFile; fileRef = 63D787FC2325C1AE009F7D2A /* AppDelegate.swift */; };
		63D788012325C1AE009F7D2A /* TracksTimesTableViewController.swift in Sources */ = {isa = PBXBuildFile; fileRef = 63D788002325C1AE009F7D2A /* TracksTimesTableViewController.swift */; };
		63D788042325C1AE009F7D2A /* Main.storyboard in Resources */ = {isa = PBXBuildFile; fileRef = 63D788022325C1AE009F7D2A /* Main.storyboard */; };
		63D788062325C1B0009F7D2A /* Assets.xcassets in Resources */ = {isa = PBXBuildFile; fileRef = 63D788052325C1B0009F7D2A /* Assets.xcassets */; };
		63D788092325C1B0009F7D2A /* LaunchScreen.storyboard in Resources */ = {isa = PBXBuildFile; fileRef = 63D788072325C1B0009F7D2A /* LaunchScreen.storyboard */; };
		63D788152325C257009F7D2A /* api.plist in Resources */ = {isa = PBXBuildFile; fileRef = 63D788142325C257009F7D2A /* api.plist */; };
		63D788172325C2A7009F7D2A /* API.swift in Sources */ = {isa = PBXBuildFile; fileRef = 63D788162325C2A7009F7D2A /* API.swift */; };
		63D788192325C510009F7D2A /* Network.swift in Sources */ = {isa = PBXBuildFile; fileRef = 63D788182325C510009F7D2A /* Network.swift */; };
		63D7881B2325C694009F7D2A /* SwiftyJSON.swift in Sources */ = {isa = PBXBuildFile; fileRef = 63D7881A2325C694009F7D2A /* SwiftyJSON.swift */; };
		63D7881D2325C6F0009F7D2A /* APIServices.swift in Sources */ = {isa = PBXBuildFile; fileRef = 63D7881C2325C6F0009F7D2A /* APIServices.swift */; };
		63D7881F2325C701009F7D2A /* CoreDataServices.swift in Sources */ = {isa = PBXBuildFile; fileRef = 63D7881E2325C701009F7D2A /* CoreDataServices.swift */; };
		7B10300A233974CE004A1625 /* PersistentContainer.swift in Sources */ = {isa = PBXBuildFile; fileRef = 7B103009233974CE004A1625 /* PersistentContainer.swift */; };
		7B10301F233980AF004A1625 /* Sessions+CoreDataClass.swift in Sources */ = {isa = PBXBuildFile; fileRef = 7B10301B233980AF004A1625 /* Sessions+CoreDataClass.swift */; };
		7B103020233980AF004A1625 /* Sessions+CoreDataProperties.swift in Sources */ = {isa = PBXBuildFile; fileRef = 7B10301C233980AF004A1625 /* Sessions+CoreDataProperties.swift */; };
		7B103021233980AF004A1625 /* Presenters+CoreDataClass.swift in Sources */ = {isa = PBXBuildFile; fileRef = 7B10301D233980AF004A1625 /* Presenters+CoreDataClass.swift */; };
		7B103022233980AF004A1625 /* Presenters+CoreDataProperties.swift in Sources */ = {isa = PBXBuildFile; fileRef = 7B10301E233980AF004A1625 /* Presenters+CoreDataProperties.swift */; };
/* End PBXBuildFile section */

/* Begin PBXFileReference section */
		632FCBEE2334A01600CE5A89 /* DesertCodeCamp.xcdatamodel */ = {isa = PBXFileReference; lastKnownFileType = wrapper.xcdatamodel; path = DesertCodeCamp.xcdatamodel; sourceTree = "<group>"; };
		632FCBF823358C1900CE5A89 /* SessionsUpdatedEvent.swift */ = {isa = PBXFileReference; lastKnownFileType = sourcecode.swift; path = SessionsUpdatedEvent.swift; sourceTree = "<group>"; };
		632FCBFA2337EC7100CE5A89 /* SessionDetailTableViewController.swift */ = {isa = PBXFileReference; lastKnownFileType = sourcecode.swift; path = SessionDetailTableViewController.swift; sourceTree = "<group>"; };
		6333A2B1233DD024002D9CDA /* AboutViewController.swift */ = {isa = PBXFileReference; lastKnownFileType = sourcecode.swift; path = AboutViewController.swift; sourceTree = "<group>"; };
		6341A8E3232B626400022E57 /* SessionsTableViewController.swift */ = {isa = PBXFileReference; lastKnownFileType = sourcecode.swift; path = SessionsTableViewController.swift; sourceTree = "<group>"; };
		63577312233B3CAA00247CE1 /* SidePanelViewController.swift */ = {isa = PBXFileReference; fileEncoding = 4; lastKnownFileType = sourcecode.swift; path = SidePanelViewController.swift; sourceTree = "<group>"; };
		63577314233B3CAB00247CE1 /* ContainerViewController.swift */ = {isa = PBXFileReference; fileEncoding = 4; lastKnownFileType = sourcecode.swift; path = ContainerViewController.swift; sourceTree = "<group>"; };
		63A52D17233F1E1B00D4DD74 /* AboutViewText.swift */ = {isa = PBXFileReference; lastKnownFileType = sourcecode.swift; path = AboutViewText.swift; sourceTree = "<group>"; };
		63B415BB233DDCF800608F7B /* WhenAndWhereViewController.swift */ = {isa = PBXFileReference; lastKnownFileType = sourcecode.swift; path = WhenAndWhereViewController.swift; sourceTree = "<group>"; };
		63D787F92325C1AE009F7D2A /* Desert Code Camp 2019.app */ = {isa = PBXFileReference; explicitFileType = wrapper.application; includeInIndex = 0; path = "Desert Code Camp 2019.app"; sourceTree = BUILT_PRODUCTS_DIR; };
		63D787FC2325C1AE009F7D2A /* AppDelegate.swift */ = {isa = PBXFileReference; lastKnownFileType = sourcecode.swift; path = AppDelegate.swift; sourceTree = "<group>"; };
		63D788002325C1AE009F7D2A /* TracksTimesTableViewController.swift */ = {isa = PBXFileReference; lastKnownFileType = sourcecode.swift; path = TracksTimesTableViewController.swift; sourceTree = "<group>"; };
		63D788032325C1AE009F7D2A /* Base */ = {isa = PBXFileReference; lastKnownFileType = file.storyboard; name = Base; path = Base.lproj/Main.storyboard; sourceTree = "<group>"; };
		63D788052325C1B0009F7D2A /* Assets.xcassets */ = {isa = PBXFileReference; lastKnownFileType = folder.assetcatalog; path = Assets.xcassets; sourceTree = "<group>"; };
		63D788082325C1B0009F7D2A /* Base */ = {isa = PBXFileReference; lastKnownFileType = file.storyboard; name = Base; path = Base.lproj/LaunchScreen.storyboard; sourceTree = "<group>"; };
		63D7880A2325C1B0009F7D2A /* Info.plist */ = {isa = PBXFileReference; lastKnownFileType = text.plist.xml; path = Info.plist; sourceTree = "<group>"; };
		63D788142325C257009F7D2A /* api.plist */ = {isa = PBXFileReference; lastKnownFileType = text.plist.xml; path = api.plist; sourceTree = "<group>"; };
		63D788162325C2A7009F7D2A /* API.swift */ = {isa = PBXFileReference; lastKnownFileType = sourcecode.swift; path = API.swift; sourceTree = "<group>"; };
		63D788182325C510009F7D2A /* Network.swift */ = {isa = PBXFileReference; lastKnownFileType = sourcecode.swift; path = Network.swift; sourceTree = "<group>"; };
		63D7881A2325C694009F7D2A /* SwiftyJSON.swift */ = {isa = PBXFileReference; fileEncoding = 4; lastKnownFileType = sourcecode.swift; path = SwiftyJSON.swift; sourceTree = "<group>"; };
		63D7881C2325C6F0009F7D2A /* APIServices.swift */ = {isa = PBXFileReference; lastKnownFileType = sourcecode.swift; path = APIServices.swift; sourceTree = "<group>"; };
		63D7881E2325C701009F7D2A /* CoreDataServices.swift */ = {isa = PBXFileReference; lastKnownFileType = sourcecode.swift; path = CoreDataServices.swift; sourceTree = "<group>"; };
		7B103009233974CE004A1625 /* PersistentContainer.swift */ = {isa = PBXFileReference; fileEncoding = 4; lastKnownFileType = sourcecode.swift; path = PersistentContainer.swift; sourceTree = "<group>"; };
		7B10301B233980AF004A1625 /* Sessions+CoreDataClass.swift */ = {isa = PBXFileReference; lastKnownFileType = sourcecode.swift; path = "Sessions+CoreDataClass.swift"; sourceTree = "<group>"; };
		7B10301C233980AF004A1625 /* Sessions+CoreDataProperties.swift */ = {isa = PBXFileReference; lastKnownFileType = sourcecode.swift; path = "Sessions+CoreDataProperties.swift"; sourceTree = "<group>"; };
		7B10301D233980AF004A1625 /* Presenters+CoreDataClass.swift */ = {isa = PBXFileReference; lastKnownFileType = sourcecode.swift; path = "Presenters+CoreDataClass.swift"; sourceTree = "<group>"; };
		7B10301E233980AF004A1625 /* Presenters+CoreDataProperties.swift */ = {isa = PBXFileReference; lastKnownFileType = sourcecode.swift; path = "Presenters+CoreDataProperties.swift"; sourceTree = "<group>"; };
/* End PBXFileReference section */

/* Begin PBXFrameworksBuildPhase section */
		63D787F62325C1AE009F7D2A /* Frameworks */ = {
			isa = PBXFrameworksBuildPhase;
			buildActionMask = 2147483647;
			files = (
			);
			runOnlyForDeploymentPostprocessing = 0;
		};
/* End PBXFrameworksBuildPhase section */

/* Begin PBXGroup section */
		632FCBF02334A02600CE5A89 /* CoreData */ = {
			isa = PBXGroup;
			children = (
				7B10301B233980AF004A1625 /* Sessions+CoreDataClass.swift */,
				7B10301C233980AF004A1625 /* Sessions+CoreDataProperties.swift */,
				7B10301D233980AF004A1625 /* Presenters+CoreDataClass.swift */,
				7B10301E233980AF004A1625 /* Presenters+CoreDataProperties.swift */,
				632FCBED2334A01600CE5A89 /* DesertCodeCamp.xcdatamodeld */,
			);
			path = CoreData;
			sourceTree = "<group>";
		};
		632FCBF723358BCB00CE5A89 /* Messaging */ = {
			isa = PBXGroup;
			children = (
				632FCBF823358C1900CE5A89 /* SessionsUpdatedEvent.swift */,
			);
			path = Messaging;
			sourceTree = "<group>";
		};
		63D787F02325C1AE009F7D2A = {
			isa = PBXGroup;
			children = (
				63D787FB2325C1AE009F7D2A /* Desert Code Camp */,
				63D787FA2325C1AE009F7D2A /* Products */,
			);
			sourceTree = "<group>";
		};
		63D787FA2325C1AE009F7D2A /* Products */ = {
			isa = PBXGroup;
			children = (
				63D787F92325C1AE009F7D2A /* Desert Code Camp 2019.app */,
			);
			name = Products;
			sourceTree = "<group>";
		};
		63D787FB2325C1AE009F7D2A /* Desert Code Camp */ = {
			isa = PBXGroup;
			children = (
				63D787FC2325C1AE009F7D2A /* AppDelegate.swift */,
				63D788102325C1F3009F7D2A /* Models */,
				63D788112325C1FD009F7D2A /* Views */,
				63D788122325C20B009F7D2A /* Controllers */,
				632FCBF723358BCB00CE5A89 /* Messaging */,
				63D788132325C227009F7D2A /* Resources */,
			);
			path = "Desert Code Camp";
			sourceTree = "<group>";
		};
		63D788102325C1F3009F7D2A /* Models */ = {
			isa = PBXGroup;
			children = (
				632FCBF02334A02600CE5A89 /* CoreData */,
				63D7881E2325C701009F7D2A /* CoreDataServices.swift */,
				63D7881C2325C6F0009F7D2A /* APIServices.swift */,
				63D788182325C510009F7D2A /* Network.swift */,
				63D788162325C2A7009F7D2A /* API.swift */,
				63D788142325C257009F7D2A /* api.plist */,
				7B103009233974CE004A1625 /* PersistentContainer.swift */,
				63A52D17233F1E1B00D4DD74 /* AboutViewText.swift */,
			);
			path = Models;
			sourceTree = "<group>";
		};
		63D788112325C1FD009F7D2A /* Views */ = {
			isa = PBXGroup;
			children = (
				63D788022325C1AE009F7D2A /* Main.storyboard */,
				63D788072325C1B0009F7D2A /* LaunchScreen.storyboard */,
			);
			path = Views;
			sourceTree = "<group>";
		};
		63D788122325C20B009F7D2A /* Controllers */ = {
			isa = PBXGroup;
			children = (
				63D788002325C1AE009F7D2A /* TracksTimesTableViewController.swift */,
				6341A8E3232B626400022E57 /* SessionsTableViewController.swift */,
				632FCBFA2337EC7100CE5A89 /* SessionDetailTableViewController.swift */,
				63577314233B3CAB00247CE1 /* ContainerViewController.swift */,
				63577312233B3CAA00247CE1 /* SidePanelViewController.swift */,
				6333A2B1233DD024002D9CDA /* AboutViewController.swift */,
				63B415BB233DDCF800608F7B /* WhenAndWhereViewController.swift */,
			);
			path = Controllers;
			sourceTree = "<group>";
		};
		63D788132325C227009F7D2A /* Resources */ = {
			isa = PBXGroup;
			children = (
				63D788052325C1B0009F7D2A /* Assets.xcassets */,
				63D7881A2325C694009F7D2A /* SwiftyJSON.swift */,
				63D7880A2325C1B0009F7D2A /* Info.plist */,
			);
			path = Resources;
			sourceTree = "<group>";
		};
/* End PBXGroup section */

/* Begin PBXNativeTarget section */
		63D787F82325C1AE009F7D2A /* Desert Code Camp */ = {
			isa = PBXNativeTarget;
			buildConfigurationList = 63D7880D2325C1B0009F7D2A /* Build configuration list for PBXNativeTarget "Desert Code Camp" */;
			buildPhases = (
				63D787F52325C1AE009F7D2A /* Sources */,
				63D787F62325C1AE009F7D2A /* Frameworks */,
				63D787F72325C1AE009F7D2A /* Resources */,
			);
			buildRules = (
			);
			dependencies = (
			);
			name = "Desert Code Camp";
			productName = "Desert Code Camp";
			productReference = 63D787F92325C1AE009F7D2A /* Desert Code Camp 2019.app */;
			productType = "com.apple.product-type.application";
		};
/* End PBXNativeTarget section */

/* Begin PBXProject section */
		63D787F12325C1AE009F7D2A /* Project object */ = {
			isa = PBXProject;
			attributes = {
				LastSwiftUpdateCheck = 1100;
				LastUpgradeCheck = 1100;
				ORGANIZATIONNAME = "Dbarkman LLC";
				TargetAttributes = {
					63D787F82325C1AE009F7D2A = {
						CreatedOnToolsVersion = 11.0;
					};
				};
			};
			buildConfigurationList = 63D787F42325C1AE009F7D2A /* Build configuration list for PBXProject "Desert Code Camp" */;
			compatibilityVersion = "Xcode 9.3";
			developmentRegion = en;
			hasScannedForEncodings = 0;
			knownRegions = (
				en,
				Base,
			);
			mainGroup = 63D787F02325C1AE009F7D2A;
			productRefGroup = 63D787FA2325C1AE009F7D2A /* Products */;
			projectDirPath = "";
			projectRoot = "";
			targets = (
				63D787F82325C1AE009F7D2A /* Desert Code Camp */,
			);
		};
/* End PBXProject section */

/* Begin PBXResourcesBuildPhase section */
		63D787F72325C1AE009F7D2A /* Resources */ = {
			isa = PBXResourcesBuildPhase;
			buildActionMask = 2147483647;
			files = (
				63D788092325C1B0009F7D2A /* LaunchScreen.storyboard in Resources */,
				63D788152325C257009F7D2A /* api.plist in Resources */,
				63D788062325C1B0009F7D2A /* Assets.xcassets in Resources */,
				63D788042325C1AE009F7D2A /* Main.storyboard in Resources */,
			);
			runOnlyForDeploymentPostprocessing = 0;
		};
/* End PBXResourcesBuildPhase section */

/* Begin PBXSourcesBuildPhase section */
		63D787F52325C1AE009F7D2A /* Sources */ = {
			isa = PBXSourcesBuildPhase;
			buildActionMask = 2147483647;
			files = (
				63B415BC233DDCF800608F7B /* WhenAndWhereViewController.swift in Sources */,
				7B103020233980AF004A1625 /* Sessions+CoreDataProperties.swift in Sources */,
				632FCBEF2334A01600CE5A89 /* DesertCodeCamp.xcdatamodeld in Sources */,
				7B10300A233974CE004A1625 /* PersistentContainer.swift in Sources */,
				63D7881F2325C701009F7D2A /* CoreDataServices.swift in Sources */,
				7B103022233980AF004A1625 /* Presenters+CoreDataProperties.swift in Sources */,
				7B103021233980AF004A1625 /* Presenters+CoreDataClass.swift in Sources */,
				632FCBF923358C1900CE5A89 /* SessionsUpdatedEvent.swift in Sources */,
				63A52D18233F1E1B00D4DD74 /* AboutViewText.swift in Sources */,
				63D788192325C510009F7D2A /* Network.swift in Sources */,
				7B10301F233980AF004A1625 /* Sessions+CoreDataClass.swift in Sources */,
				6333A2B2233DD024002D9CDA /* AboutViewController.swift in Sources */,
				63D788012325C1AE009F7D2A /* TracksTimesTableViewController.swift in Sources */,
				63D7881D2325C6F0009F7D2A /* APIServices.swift in Sources */,
				63577318233B3CAB00247CE1 /* ContainerViewController.swift in Sources */,
				63577316233B3CAB00247CE1 /* SidePanelViewController.swift in Sources */,
				632FCBFB2337EC7100CE5A89 /* SessionDetailTableViewController.swift in Sources */,
				63D787FD2325C1AE009F7D2A /* AppDelegate.swift in Sources */,
				63D7881B2325C694009F7D2A /* SwiftyJSON.swift in Sources */,
				63D788172325C2A7009F7D2A /* API.swift in Sources */,
				6341A8E4232B626400022E57 /* SessionsTableViewController.swift in Sources */,
			);
			runOnlyForDeploymentPostprocessing = 0;
		};
/* End PBXSourcesBuildPhase section */

/* Begin PBXVariantGroup section */
		63D788022325C1AE009F7D2A /* Main.storyboard */ = {
			isa = PBXVariantGroup;
			children = (
				63D788032325C1AE009F7D2A /* Base */,
			);
			name = Main.storyboard;
			sourceTree = "<group>";
		};
		63D788072325C1B0009F7D2A /* LaunchScreen.storyboard */ = {
			isa = PBXVariantGroup;
			children = (
				63D788082325C1B0009F7D2A /* Base */,
			);
			name = LaunchScreen.storyboard;
			sourceTree = "<group>";
		};
/* End PBXVariantGroup section */

/* Begin XCBuildConfiguration section */
		63D7880B2325C1B0009F7D2A /* Debug */ = {
			isa = XCBuildConfiguration;
			buildSettings = {
				ALWAYS_SEARCH_USER_PATHS = NO;
				CLANG_ANALYZER_NONNULL = YES;
				CLANG_ANALYZER_NUMBER_OBJECT_CONVERSION = YES_AGGRESSIVE;
				CLANG_CXX_LANGUAGE_STANDARD = "gnu++14";
				CLANG_CXX_LIBRARY = "libc++";
				CLANG_ENABLE_MODULES = YES;
				CLANG_ENABLE_OBJC_ARC = YES;
				CLANG_ENABLE_OBJC_WEAK = YES;
				CLANG_WARN_BLOCK_CAPTURE_AUTORELEASING = YES;
				CLANG_WARN_BOOL_CONVERSION = YES;
				CLANG_WARN_COMMA = YES;
				CLANG_WARN_CONSTANT_CONVERSION = YES;
				CLANG_WARN_DEPRECATED_OBJC_IMPLEMENTATIONS = YES;
				CLANG_WARN_DIRECT_OBJC_ISA_USAGE = YES_ERROR;
				CLANG_WARN_DOCUMENTATION_COMMENTS = YES;
				CLANG_WARN_EMPTY_BODY = YES;
				CLANG_WARN_ENUM_CONVERSION = YES;
				CLANG_WARN_INFINITE_RECURSION = YES;
				CLANG_WARN_INT_CONVERSION = YES;
				CLANG_WARN_NON_LITERAL_NULL_CONVERSION = YES;
				CLANG_WARN_OBJC_IMPLICIT_RETAIN_SELF = YES;
				CLANG_WARN_OBJC_LITERAL_CONVERSION = YES;
				CLANG_WARN_OBJC_ROOT_CLASS = YES_ERROR;
				CLANG_WARN_RANGE_LOOP_ANALYSIS = YES;
				CLANG_WARN_STRICT_PROTOTYPES = YES;
				CLANG_WARN_SUSPICIOUS_MOVE = YES;
				CLANG_WARN_UNGUARDED_AVAILABILITY = YES_AGGRESSIVE;
				CLANG_WARN_UNREACHABLE_CODE = YES;
				CLANG_WARN__DUPLICATE_METHOD_MATCH = YES;
				COPY_PHASE_STRIP = NO;
				DEBUG_INFORMATION_FORMAT = dwarf;
				ENABLE_STRICT_OBJC_MSGSEND = YES;
				ENABLE_TESTABILITY = YES;
				GCC_C_LANGUAGE_STANDARD = gnu11;
				GCC_DYNAMIC_NO_PIC = NO;
				GCC_NO_COMMON_BLOCKS = YES;
				GCC_OPTIMIZATION_LEVEL = 0;
				GCC_PREPROCESSOR_DEFINITIONS = (
					"DEBUG=1",
					"$(inherited)",
				);
				GCC_WARN_64_TO_32_BIT_CONVERSION = YES;
				GCC_WARN_ABOUT_RETURN_TYPE = YES_ERROR;
				GCC_WARN_UNDECLARED_SELECTOR = YES;
				GCC_WARN_UNINITIALIZED_AUTOS = YES_AGGRESSIVE;
				GCC_WARN_UNUSED_FUNCTION = YES;
				GCC_WARN_UNUSED_VARIABLE = YES;
				IPHONEOS_DEPLOYMENT_TARGET = 12.0;
				MTL_ENABLE_DEBUG_INFO = INCLUDE_SOURCE;
				MTL_FAST_MATH = YES;
				ONLY_ACTIVE_ARCH = YES;
				SDKROOT = iphoneos;
				SWIFT_ACTIVE_COMPILATION_CONDITIONS = DEBUG;
				SWIFT_OPTIMIZATION_LEVEL = "-Onone";
			};
			name = Debug;
		};
		63D7880C2325C1B0009F7D2A /* Release */ = {
			isa = XCBuildConfiguration;
			buildSettings = {
				ALWAYS_SEARCH_USER_PATHS = NO;
				CLANG_ANALYZER_NONNULL = YES;
				CLANG_ANALYZER_NUMBER_OBJECT_CONVERSION = YES_AGGRESSIVE;
				CLANG_CXX_LANGUAGE_STANDARD = "gnu++14";
				CLANG_CXX_LIBRARY = "libc++";
				CLANG_ENABLE_MODULES = YES;
				CLANG_ENABLE_OBJC_ARC = YES;
				CLANG_ENABLE_OBJC_WEAK = YES;
				CLANG_WARN_BLOCK_CAPTURE_AUTORELEASING = YES;
				CLANG_WARN_BOOL_CONVERSION = YES;
				CLANG_WARN_COMMA = YES;
				CLANG_WARN_CONSTANT_CONVERSION = YES;
				CLANG_WARN_DEPRECATED_OBJC_IMPLEMENTATIONS = YES;
				CLANG_WARN_DIRECT_OBJC_ISA_USAGE = YES_ERROR;
				CLANG_WARN_DOCUMENTATION_COMMENTS = YES;
				CLANG_WARN_EMPTY_BODY = YES;
				CLANG_WARN_ENUM_CONVERSION = YES;
				CLANG_WARN_INFINITE_RECURSION = YES;
				CLANG_WARN_INT_CONVERSION = YES;
				CLANG_WARN_NON_LITERAL_NULL_CONVERSION = YES;
				CLANG_WARN_OBJC_IMPLICIT_RETAIN_SELF = YES;
				CLANG_WARN_OBJC_LITERAL_CONVERSION = YES;
				CLANG_WARN_OBJC_ROOT_CLASS = YES_ERROR;
				CLANG_WARN_RANGE_LOOP_ANALYSIS = YES;
				CLANG_WARN_STRICT_PROTOTYPES = YES;
				CLANG_WARN_SUSPICIOUS_MOVE = YES;
				CLANG_WARN_UNGUARDED_AVAILABILITY = YES_AGGRESSIVE;
				CLANG_WARN_UNREACHABLE_CODE = YES;
				CLANG_WARN__DUPLICATE_METHOD_MATCH = YES;
				COPY_PHASE_STRIP = NO;
				DEBUG_INFORMATION_FORMAT = "dwarf-with-dsym";
				ENABLE_NS_ASSERTIONS = NO;
				ENABLE_STRICT_OBJC_MSGSEND = YES;
				GCC_C_LANGUAGE_STANDARD = gnu11;
				GCC_NO_COMMON_BLOCKS = YES;
				GCC_WARN_64_TO_32_BIT_CONVERSION = YES;
				GCC_WARN_ABOUT_RETURN_TYPE = YES_ERROR;
				GCC_WARN_UNDECLARED_SELECTOR = YES;
				GCC_WARN_UNINITIALIZED_AUTOS = YES_AGGRESSIVE;
				GCC_WARN_UNUSED_FUNCTION = YES;
				GCC_WARN_UNUSED_VARIABLE = YES;
				IPHONEOS_DEPLOYMENT_TARGET = 12.0;
				MTL_ENABLE_DEBUG_INFO = NO;
				MTL_FAST_MATH = YES;
				SDKROOT = iphoneos;
				SWIFT_COMPILATION_MODE = wholemodule;
				SWIFT_OPTIMIZATION_LEVEL = "-O";
				VALIDATE_PRODUCT = YES;
			};
			name = Release;
		};
		63D7880E2325C1B0009F7D2A /* Debug */ = {
			isa = XCBuildConfiguration;
			buildSettings = {
				ASSETCATALOG_COMPILER_APPICON_NAME = AppIcon;
				CODE_SIGN_STYLE = Automatic;
				CURRENT_PROJECT_VERSION = 20190929.1;
				DEVELOPMENT_TEAM = V66UJ72Z63;
				INFOPLIST_FILE = "Desert Code Camp/Resources/Info.plist";
				IPHONEOS_DEPLOYMENT_TARGET = 12.0;
				LD_RUNPATH_SEARCH_PATHS = (
					"$(inherited)",
					"@executable_path/Frameworks",
				);
				PRODUCT_BUNDLE_IDENTIFIER = com.dbarkman.DesertCodeCamp;
				PRODUCT_NAME = "Desert Code Camp 2019";
				SWIFT_VERSION = 5.0;
				TARGETED_DEVICE_FAMILY = 1;
			};
			name = Debug;
		};
		63D7880F2325C1B0009F7D2A /* Release */ = {
			isa = XCBuildConfiguration;
			buildSettings = {
				ASSETCATALOG_COMPILER_APPICON_NAME = AppIcon;
				CODE_SIGN_STYLE = Automatic;
				CURRENT_PROJECT_VERSION = 20190929.1;
				DEVELOPMENT_TEAM = V66UJ72Z63;
				INFOPLIST_FILE = "Desert Code Camp/Resources/Info.plist";
				IPHONEOS_DEPLOYMENT_TARGET = 12.0;
				LD_RUNPATH_SEARCH_PATHS = (
					"$(inherited)",
					"@executable_path/Frameworks",
				);
				PRODUCT_BUNDLE_IDENTIFIER = com.dbarkman.DesertCodeCamp;
				PRODUCT_NAME = "Desert Code Camp 2019";
				SWIFT_VERSION = 5.0;
				TARGETED_DEVICE_FAMILY = 1;
			};
			name = Release;
		};
/* End XCBuildConfiguration section */

/* Begin XCConfigurationList section */
		63D787F42325C1AE009F7D2A /* Build configuration list for PBXProject "Desert Code Camp" */ = {
			isa = XCConfigurationList;
			buildConfigurations = (
				63D7880B2325C1B0009F7D2A /* Debug */,
				63D7880C2325C1B0009F7D2A /* Release */,
			);
			defaultConfigurationIsVisible = 0;
			defaultConfigurationName = Release;
		};
		63D7880D2325C1B0009F7D2A /* Build configuration list for PBXNativeTarget "Desert Code Camp" */ = {
			isa = XCConfigurationList;
			buildConfigurations = (
				63D7880E2325C1B0009F7D2A /* Debug */,
				63D7880F2325C1B0009F7D2A /* Release */,
			);
			defaultConfigurationIsVisible = 0;
			defaultConfigurationName = Release;
		};
/* End XCConfigurationList section */

/* Begin XCVersionGroup section */
		632FCBED2334A01600CE5A89 /* DesertCodeCamp.xcdatamodeld */ = {
			isa = XCVersionGroup;
			children = (
				632FCBEE2334A01600CE5A89 /* DesertCodeCamp.xcdatamodel */,
			);
			currentVersion = 632FCBEE2334A01600CE5A89 /* DesertCodeCamp.xcdatamodel */;
			path = DesertCodeCamp.xcdatamodeld;
			sourceTree = "<group>";
			versionGroupType = wrapper.xcdatamodel;
		};
/* End XCVersionGroup section */
	};
	rootObject = 63D787F12325C1AE009F7D2A /* Project object */;
}
